
Microsoft Visual Studio Solution File, Format Version 12.00
# Visual Studio Version 16
VisualStudioVersion = 16.0.32228.343
MinimumVisualStudioVersion = 10.0.40219.1
Project("{FAE04EC0-301F-11D3-BF4B-00C04F79EFBC}") = "LuckyDreamTeam", "LuckyDreamTeam\LuckyDreamTeam.csproj", "{B628BECF-8455-4405-8612-2BF35D06C56D}"
EndProject
Global
	GlobalSection(SolutionConfigurationPlatforms) = preSolution
		Debug|Any CPU = Debug|Any CPU
		Release|Any CPU = Release|Any CPU
	EndGlobalSection
	GlobalSection(ProjectConfigurationPlatforms) = postSolution
		{B628BECF-8455-4405-8612-2BF35D06C56D}.Debug|Any CPU.ActiveCfg = Debug|Any CPU
		{B628BECF-8455-4405-8612-2BF35D06C56D}.Debug|Any CPU.Build.0 = Debug|Any CPU
		{B628BECF-8455-4405-8612-2BF35D06C56D}.Release|Any CPU.ActiveCfg = Release|Any CPU
		{B628BECF-8455-4405-8612-2BF35D06C56D}.Release|Any CPU.Build.0 = Release|Any CPU
	EndGlobalSection
	GlobalSection(SolutionProperties) = preSolution
		HideSolutionNode = FALSE
	EndGlobalSection
	GlobalSection(ExtensibilityGlobals) = postSolution
		SolutionGuid = {40A0CBDD-6100-44C2-812D-9F7A7217CD69}
	EndGlobalSection
EndGlobal
